// !$*UTF8*$!
{
	archiveVersion = 1;
	classes = {
	};
	objectVersion = 56;
	objects = {

/* Begin PBXBuildFile section */
		3680D2672BB60F7600BCD7EF /* AppDelegate.swift in Sources */ = {isa = PBXBuildFile; fileRef = 3680D2662BB60F7600BCD7EF /* AppDelegate.swift */; };
		3680D2692BB60F7600BCD7EF /* SceneDelegate.swift in Sources */ = {isa = PBXBuildFile; fileRef = 3680D2682BB60F7600BCD7EF /* SceneDelegate.swift */; };
		3680D26B2BB60F7600BCD7EF /* VenueViewController.swift in Sources */ = {isa = PBXBuildFile; fileRef = 3680D26A2BB60F7600BCD7EF /* VenueViewController.swift */; };
		3680D26E2BB60F7600BCD7EF /* Base in Resources */ = {isa = PBXBuildFile; fileRef = 3680D26D2BB60F7600BCD7EF /* Base */; };
		3680D2702BB60F7700BCD7EF /* Assets.xcassets in Resources */ = {isa = PBXBuildFile; fileRef = 3680D26F2BB60F7700BCD7EF /* Assets.xcassets */; };
		3680D2732BB60F7700BCD7EF /* Base in Resources */ = {isa = PBXBuildFile; fileRef = 3680D2722BB60F7700BCD7EF /* Base */; };
		3680D27C2BB60FE400BCD7EF /* NetworkingManager.swift in Sources */ = {isa = PBXBuildFile; fileRef = 3680D27B2BB60FE400BCD7EF /* NetworkingManager.swift */; };
		36B57C5C2BB6143B00198644 /* VenueTableViewCell.swift in Sources */ = {isa = PBXBuildFile; fileRef = 36B57C5B2BB6143B00198644 /* VenueTableViewCell.swift */; };
		36B57C602BB62BCC00198644 /* VenuesResponse.swift in Sources */ = {isa = PBXBuildFile; fileRef = 36B57C5F2BB62BCC00198644 /* VenuesResponse.swift */; };
/* End PBXBuildFile section */

/* Begin PBXFileReference section */
		3680D2632BB60F7600BCD7EF /* MovieCatalog.app */ = {isa = PBXFileReference; explicitFileType = wrapper.application; includeInIndex = 0; path = MovieCatalog.app; sourceTree = BUILT_PRODUCTS_DIR; };
		3680D2662BB60F7600BCD7EF /* AppDelegate.swift */ = {isa = PBXFileReference; lastKnownFileType = sourcecode.swift; path = AppDelegate.swift; sourceTree = "<group>"; };
		3680D2682BB60F7600BCD7EF /* SceneDelegate.swift */ = {isa = PBXFileReference; lastKnownFileType = sourcecode.swift; path = SceneDelegate.swift; sourceTree = "<group>"; };
		3680D26A2BB60F7600BCD7EF /* VenueViewController.swift */ = {isa = PBXFileReference; lastKnownFileType = sourcecode.swift; path = VenueViewController.swift; sourceTree = "<group>"; };
		3680D26D2BB60F7600BCD7EF /* Base */ = {isa = PBXFileReference; lastKnownFileType = file.storyboard; name = Base; path = Base.lproj/Main.storyboard; sourceTree = "<group>"; };
		3680D26F2BB60F7700BCD7EF /* Assets.xcassets */ = {isa = PBXFileReference; lastKnownFileType = folder.assetcatalog; path = Assets.xcassets; sourceTree = "<group>"; };
		3680D2722BB60F7700BCD7EF /* Base */ = {isa = PBXFileReference; lastKnownFileType = file.storyboard; name = Base; path = Base.lproj/LaunchScreen.storyboard; sourceTree = "<group>"; };
		3680D2742BB60F7700BCD7EF /* Info.plist */ = {isa = PBXFileReference; lastKnownFileType = text.plist.xml; path = Info.plist; sourceTree = "<group>"; };
		3680D27B2BB60FE400BCD7EF /* NetworkingManager.swift */ = {isa = PBXFileReference; lastKnownFileType = sourcecode.swift; path = NetworkingManager.swift; sourceTree = "<group>"; };
		36B57C5B2BB6143B00198644 /* VenueTableViewCell.swift */ = {isa = PBXFileReference; lastKnownFileType = sourcecode.swift; path = VenueTableViewCell.swift; sourceTree = "<group>"; };
		36B57C5F2BB62BCC00198644 /* VenuesResponse.swift */ = {isa = PBXFileReference; lastKnownFileType = sourcecode.swift; path = VenuesResponse.swift; sourceTree = "<group>"; };
/* End PBXFileReference section */

/* Begin PBXFrameworksBuildPhase section */
		3680D2602BB60F7600BCD7EF /* Frameworks */ = {
			isa = PBXFrameworksBuildPhase;
			buildActionMask = 2147483647;
			files = (
			);
			runOnlyForDeploymentPostprocessing = 0;
		};
/* End PBXFrameworksBuildPhase section */

/* Begin PBXGroup section */
		3680D25A2BB60F7600BCD7EF = {
			isa = PBXGroup;
			children = (
				3680D2652BB60F7600BCD7EF /* MovieCatalog */,
				3680D2642BB60F7600BCD7EF /* Products */,
			);
			sourceTree = "<group>";
		};
		3680D2642BB60F7600BCD7EF /* Products */ = {
			isa = PBXGroup;
			children = (
				3680D2632BB60F7600BCD7EF /* MovieCatalog.app */,
			);
			name = Products;
			sourceTree = "<group>";
		};
		3680D2652BB60F7600BCD7EF /* MovieCatalog */ = {
			isa = PBXGroup;
			children = (
				36B57C5A2BB6142000198644 /* Home */,
				3680D27A2BB60FD600BCD7EF /* Networking */,
				3680D2662BB60F7600BCD7EF /* AppDelegate.swift */,
				3680D2682BB60F7600BCD7EF /* SceneDelegate.swift */,
				3680D26C2BB60F7600BCD7EF /* Main.storyboard */,
				3680D26F2BB60F7700BCD7EF /* Assets.xcassets */,
				3680D2712BB60F7700BCD7EF /* LaunchScreen.storyboard */,
				3680D2742BB60F7700BCD7EF /* Info.plist */,
			);
			path = MovieCatalog;
			sourceTree = "<group>";
		};
		3680D27A2BB60FD600BCD7EF /* Networking */ = {
			isa = PBXGroup;
			children = (
				3680D27B2BB60FE400BCD7EF /* NetworkingManager.swift */,
			);
			path = Networking;
			sourceTree = "<group>";
		};
		36B57C5A2BB6142000198644 /* Home */ = {
			isa = PBXGroup;
			children = (
				3680D26A2BB60F7600BCD7EF /* VenueViewController.swift */,
				36B57C5B2BB6143B00198644 /* VenueTableViewCell.swift */,
				36B57C5F2BB62BCC00198644 /* VenuesResponse.swift */,
			);
			path = Home;
			sourceTree = "<group>";
		};
/* End PBXGroup section */

/* Begin PBXNativeTarget section */
		3680D2622BB60F7600BCD7EF /* MovieCatalog */ = {
			isa = PBXNativeTarget;
			buildConfigurationList = 3680D2772BB60F7700BCD7EF /* Build configuration list for PBXNativeTarget "MovieCatalog" */;
			buildPhases = (
				3680D25F2BB60F7600BCD7EF /* Sources */,
				3680D2602BB60F7600BCD7EF /* Frameworks */,
				3680D2612BB60F7600BCD7EF /* Resources */,
			);
			buildRules = (
			);
			dependencies = (
			);
			name = MovieCatalog;
			productName = MovieCatalog;
			productReference = 3680D2632BB60F7600BCD7EF /* MovieCatalog.app */;
			productType = "com.apple.product-type.application";
		};
/* End PBXNativeTarget section */

/* Begin PBXProject section */
		3680D25B2BB60F7600BCD7EF /* Project object */ = {
			isa = PBXProject;
			attributes = {
				BuildIndependentTargetsInParallel = 1;
				LastSwiftUpdateCheck = 1530;
				LastUpgradeCheck = 1530;
				TargetAttributes = {
					3680D2622BB60F7600BCD7EF = {
						CreatedOnToolsVersion = 15.3;
					};
				};
			};
			buildConfigurationList = 3680D25E2BB60F7600BCD7EF /* Build configuration list for PBXProject "MovieCatalog" */;
			compatibilityVersion = "Xcode 14.0";
			developmentRegion = en;
			hasScannedForEncodings = 0;
			knownRegions = (
				en,
				Base,
			);
			mainGroup = 3680D25A2BB60F7600BCD7EF;
			productRefGroup = 3680D2642BB60F7600BCD7EF /* Products */;
			projectDirPath = "";
			projectRoot = "";
			targets = (
				3680D2622BB60F7600BCD7EF /* MovieCatalog */,
			);
		};
/* End PBXProject section */

/* Begin PBXResourcesBuildPhase section */
		3680D2612BB60F7600BCD7EF /* Resources */ = {
			isa = PBXResourcesBuildPhase;
			buildActionMask = 2147483647;
			files = (
				3680D2702BB60F7700BCD7EF /* Assets.xcassets in Resources */,
				3680D2732BB60F7700BCD7EF /* Base in Resources */,
				3680D26E2BB60F7600BCD7EF /* Base in Resources */,
			);
			runOnlyForDeploymentPostprocessing = 0;
		};
/* End PBXResourcesBuildPhase section */

/* Begin PBXSourcesBuildPhase section */
		3680D25F2BB60F7600BCD7EF /* Sources */ = {
			isa = PBXSourcesBuildPhase;
			buildActionMask = 2147483647;
			files = (
				36B57C5C2BB6143B00198644 /* VenueTableViewCell.swift in Sources */,
				3680D26B2BB60F7600BCD7EF /* VenueViewController.swift in Sources */,
				3680D27C2BB60FE400BCD7EF /* NetworkingManager.swift in Sources */,
				36B57C602BB62BCC00198644 /* VenuesResponse.swift in Sources */,
				3680D2672BB60F7600BCD7EF /* AppDelegate.swift in Sources */,
				3680D2692BB60F7600BCD7EF /* SceneDelegate.swift in Sources */,
			);
			runOnlyForDeploymentPostprocessing = 0;
		};
/* End PBXSourcesBuildPhase section */

/* Begin PBXVariantGroup section */
		3680D26C2BB60F7600BCD7EF /* Main.storyboard */ = {
			isa = PBXVariantGroup;
			children = (
				3680D26D2BB60F7600BCD7EF /* Base */,
			);
			name = Main.storyboard;
			sourceTree = "<group>";
		};
		3680D2712BB60F7700BCD7EF /* LaunchScreen.storyboard */ = {
			isa = PBXVariantGroup;
			children = (
				3680D2722BB60F7700BCD7EF /* Base */,
			);
			name = LaunchScreen.storyboard;
			sourceTree = "<group>";
		};
/* End PBXVariantGroup section */

/* Begin XCBuildConfiguration section */
		3680D2752BB60F7700BCD7EF /* Debug */ = {
			isa = XCBuildConfiguration;
			buildSettings = {
				ALWAYS_SEARCH_USER_PATHS = NO;
				ASSETCATALOG_COMPILER_GENERATE_SWIFT_ASSET_SYMBOL_EXTENSIONS = YES;
				CLANG_ANALYZER_NONNULL = YES;
				CLANG_ANALYZER_NUMBER_OBJECT_CONVERSION = YES_AGGRESSIVE;
				CLANG_CXX_LANGUAGE_STANDARD = "gnu++20";
				CLANG_ENABLE_MODULES = YES;
				CLANG_ENABLE_OBJC_ARC = YES;
				CLANG_ENABLE_OBJC_WEAK = YES;
				CLANG_WARN_BLOCK_CAPTURE_AUTORELEASING = YES;
				CLANG_WARN_BOOL_CONVERSION = YES;
				CLANG_WARN_COMMA = YES;
				CLANG_WARN_CONSTANT_CONVERSION = YES;
				CLANG_WARN_DEPRECATED_OBJC_IMPLEMENTATIONS = YES;
				CLANG_WARN_DIRECT_OBJC_ISA_USAGE = YES_ERROR;
				CLANG_WARN_DOCUMENTATION_COMMENTS = YES;
				CLANG_WARN_EMPTY_BODY = YES;
				CLANG_WARN_ENUM_CONVERSION = YES;
				CLANG_WARN_INFINITE_RECURSION = YES;
				CLANG_WARN_INT_CONVERSION = YES;
				CLANG_WARN_NON_LITERAL_NULL_CONVERSION = YES;
				CLANG_WARN_OBJC_IMPLICIT_RETAIN_SELF = YES;
				CLANG_WARN_OBJC_LITERAL_CONVERSION = YES;
				CLANG_WARN_OBJC_ROOT_CLASS = YES_ERROR;
				CLANG_WARN_QUOTED_INCLUDE_IN_FRAMEWORK_HEADER = YES;
				CLANG_WARN_RANGE_LOOP_ANALYSIS = YES;
				CLANG_WARN_STRICT_PROTOTYPES = YES;
				CLANG_WARN_SUSPICIOUS_MOVE = YES;
				CLANG_WARN_UNGUARDED_AVAILABILITY = YES_AGGRESSIVE;
				CLANG_WARN_UNREACHABLE_CODE = YES;
				CLANG_WARN__DUPLICATE_METHOD_MATCH = YES;
				COPY_PHASE_STRIP = NO;
				DEBUG_INFORMATION_FORMAT = dwarf;
				ENABLE_STRICT_OBJC_MSGSEND = YES;
				ENABLE_TESTABILITY = YES;
				ENABLE_USER_SCRIPT_SANDBOXING = YES;
				GCC_C_LANGUAGE_STANDARD = gnu17;
				GCC_DYNAMIC_NO_PIC = NO;
				GCC_NO_COMMON_BLOCKS = YES;
				GCC_OPTIMIZATION_LEVEL = 0;
				GCC_PREPROCESSOR_DEFINITIONS = (
					"DEBUG=1",
					"$(inherited)",
				);
				GCC_WARN_64_TO_32_BIT_CONVERSION = YES;
				GCC_WARN_ABOUT_RETURN_TYPE = YES_ERROR;
				GCC_WARN_UNDECLARED_SELECTOR = YES;
				GCC_WARN_UNINITIALIZED_AUTOS = YES_AGGRESSIVE;
				GCC_WARN_UNUSED_FUNCTION = YES;
				GCC_WARN_UNUSED_VARIABLE = YES;
				IPHONEOS_DEPLOYMENT_TARGET = 17.4;
				LOCALIZATION_PREFERS_STRING_CATALOGS = YES;
				MTL_ENABLE_DEBUG_INFO = INCLUDE_SOURCE;
				MTL_FAST_MATH = YES;
				ONLY_ACTIVE_ARCH = YES;
				SDKROOT = iphoneos;
				SWIFT_ACTIVE_COMPILATION_CONDITIONS = "DEBUG $(inherited)";
				SWIFT_OPTIMIZATION_LEVEL = "-Onone";
			};
			name = Debug;
		};
		3680D2762BB60F7700BCD7EF /* Release */ = {
			isa = XCBuildConfiguration;
			buildSettings = {
				ALWAYS_SEARCH_USER_PATHS = NO;
				ASSETCATALOG_COMPILER_GENERATE_SWIFT_ASSET_SYMBOL_EXTENSIONS = YES;
				CLANG_ANALYZER_NONNULL = YES;
				CLANG_ANALYZER_NUMBER_OBJECT_CONVERSION = YES_AGGRESSIVE;
				CLANG_CXX_LANGUAGE_STANDARD = "gnu++20";
				CLANG_ENABLE_MODULES = YES;
				CLANG_ENABLE_OBJC_ARC = YES;
				CLANG_ENABLE_OBJC_WEAK = YES;
				CLANG_WARN_BLOCK_CAPTURE_AUTORELEASING = YES;
				CLANG_WARN_BOOL_CONVERSION = YES;
				CLANG_WARN_COMMA = YES;
				CLANG_WARN_CONSTANT_CONVERSION = YES;
				CLANG_WARN_DEPRECATED_OBJC_IMPLEMENTATIONS = YES;
				CLANG_WARN_DIRECT_OBJC_ISA_USAGE = YES_ERROR;
				CLANG_WARN_DOCUMENTATION_COMMENTS = YES;
				CLANG_WARN_EMPTY_BODY = YES;
				CLANG_WARN_ENUM_CONVERSION = YES;
				CLANG_WARN_INFINITE_RECURSION = YES;
				CLANG_WARN_INT_CONVERSION = YES;
				CLANG_WARN_NON_LITERAL_NULL_CONVERSION = YES;
				CLANG_WARN_OBJC_IMPLICIT_RETAIN_SELF = YES;
				CLANG_WARN_OBJC_LITERAL_CONVERSION = YES;
				CLANG_WARN_OBJC_ROOT_CLASS = YES_ERROR;
				CLANG_WARN_QUOTED_INCLUDE_IN_FRAMEWORK_HEADER = YES;
				CLANG_WARN_RANGE_LOOP_ANALYSIS = YES;
				CLANG_WARN_STRICT_PROTOTYPES = YES;
				CLANG_WARN_SUSPICIOUS_MOVE = YES;
				CLANG_WARN_UNGUARDED_AVAILABILITY = YES_AGGRESSIVE;
				CLANG_WARN_UNREACHABLE_CODE = YES;
				CLANG_WARN__DUPLICATE_METHOD_MATCH = YES;
				COPY_PHASE_STRIP = NO;
				DEBUG_INFORMATION_FORMAT = "dwarf-with-dsym";
				ENABLE_NS_ASSERTIONS = NO;
				ENABLE_STRICT_OBJC_MSGSEND = YES;
				ENABLE_USER_SCRIPT_SANDBOXING = YES;
				GCC_C_LANGUAGE_STANDARD = gnu17;
				GCC_NO_COMMON_BLOCKS = YES;
				GCC_WARN_64_TO_32_BIT_CONVERSION = YES;
				GCC_WARN_ABOUT_RETURN_TYPE = YES_ERROR;
				GCC_WARN_UNDECLARED_SELECTOR = YES;
				GCC_WARN_UNINITIALIZED_AUTOS = YES_AGGRESSIVE;
				GCC_WARN_UNUSED_FUNCTION = YES;
				GCC_WARN_UNUSED_VARIABLE = YES;
				IPHONEOS_DEPLOYMENT_TARGET = 17.4;
				LOCALIZATION_PREFERS_STRING_CATALOGS = YES;
				MTL_ENABLE_DEBUG_INFO = NO;
				MTL_FAST_MATH = YES;
				SDKROOT = iphoneos;
				SWIFT_COMPILATION_MODE = wholemodule;
				VALIDATE_PRODUCT = YES;
			};
			name = Release;
		};
		3680D2782BB60F7700BCD7EF /* Debug */ = {
			isa = XCBuildConfiguration;
			buildSettings = {
				ASSETCATALOG_COMPILER_APPICON_NAME = AppIcon;
				ASSETCATALOG_COMPILER_GLOBAL_ACCENT_COLOR_NAME = AccentColor;
				CODE_SIGN_STYLE = Automatic;
				CURRENT_PROJECT_VERSION = 1;
				DEVELOPMENT_TEAM = S5L3P52742;
				GENERATE_INFOPLIST_FILE = YES;
				INFOPLIST_FILE = MovieCatalog/Info.plist;
				INFOPLIST_KEY_UIApplicationSupportsIndirectInputEvents = YES;
				INFOPLIST_KEY_UILaunchStoryboardName = LaunchScreen;
				INFOPLIST_KEY_UIMainStoryboardFile = Main;
				INFOPLIST_KEY_UISupportedInterfaceOrientations_iPad = "UIInterfaceOrientationPortrait UIInterfaceOrientationPortraitUpsideDown UIInterfaceOrientationLandscapeLeft UIInterfaceOrientationLandscapeRight";
				INFOPLIST_KEY_UISupportedInterfaceOrientations_iPhone = "UIInterfaceOrientationPortrait UIInterfaceOrientationLandscapeLeft UIInterfaceOrientationLandscapeRight";
				LD_RUNPATH_SEARCH_PATHS = (
					"$(inherited)",
					"@executable_path/Frameworks",
				);
				MARKETING_VERSION = 1.0;
				PRODUCT_BUNDLE_IDENTIFIER = canovskie.MovieCatalog;
				PRODUCT_NAME = "$(TARGET_NAME)";
				SWIFT_EMIT_LOC_STRINGS = YES;
				SWIFT_VERSION = 5.0;
				TARGETED_DEVICE_FAMILY = "1,2";
			};
			name = Debug;
		};
		3680D2792BB60F7700BCD7EF /* Release */ = {
			isa = XCBuildConfiguration;
			buildSettings = {
				ASSETCATALOG_COMPILER_APPICON_NAME = AppIcon;
				ASSETCATALOG_COMPILER_GLOBAL_ACCENT_COLOR_NAME = AccentColor;
				CODE_SIGN_STYLE = Automatic;
				CURRENT_PROJECT_VERSION = 1;
				DEVELOPMENT_TEAM = S5L3P52742;
				GENERATE_INFOPLIST_FILE = YES;
				INFOPLIST_FILE = MovieCatalog/Info.plist;
				INFOPLIST_KEY_UIApplicationSupportsIndirectInputEvents = YES;
				INFOPLIST_KEY_UILaunchStoryboardName = LaunchScreen;
				INFOPLIST_KEY_UIMainStoryboardFile = Main;
				INFOPLIST_KEY_UISupportedInterfaceOrientations_iPad = "UIInterfaceOrientationPortrait UIInterfaceOrientationPortraitUpsideDown UIInterfaceOrientationLandscapeLeft UIInterfaceOrientationLandscapeRight";
				INFOPLIST_KEY_UISupportedInterfaceOrientations_iPhone = "UIInterfaceOrientationPortrait UIInterfaceOrientationLandscapeLeft UIInterfaceOrientationLandscapeRight";
				LD_RUNPATH_SEARCH_PATHS = (
					"$(inherited)",
					"@executable_path/Frameworks",
				);
				MARKETING_VERSION = 1.0;
				PRODUCT_BUNDLE_IDENTIFIER = canovskie.MovieCatalog;
				PRODUCT_NAME = "$(TARGET_NAME)";
				SWIFT_EMIT_LOC_STRINGS = YES;
				SWIFT_VERSION = 5.0;
				TARGETED_DEVICE_FAMILY = "1,2";
			};
			name = Release;
		};
/* End XCBuildConfiguration section */

/* Begin XCConfigurationList section */
		3680D25E2BB60F7600BCD7EF /* Build configuration list for PBXProject "MovieCatalog" */ = {
			isa = XCConfigurationList;
			buildConfigurations = (
				3680D2752BB60F7700BCD7EF /* Debug */,
				3680D2762BB60F7700BCD7EF /* Release */,
			);
			defaultConfigurationIsVisible = 0;
			defaultConfigurationName = Release;
		};
		3680D2772BB60F7700BCD7EF /* Build configuration list for PBXNativeTarget "MovieCatalog" */ = {
			isa = XCConfigurationList;
			buildConfigurations = (
				3680D2782BB60F7700BCD7EF /* Debug */,
				3680D2792BB60F7700BCD7EF /* Release */,
			);
			defaultConfigurationIsVisible = 0;
			defaultConfigurationName = Release;
		};
/* End XCConfigurationList section */
	};
	rootObject = 3680D25B2BB60F7600BCD7EF /* Project object */;
}
